
Microsoft Visual Studio Solution File, Format Version 12.00
# Visual Studio 2015
Project("{FAE04EC0-301F-11D3-BF4B-00C04F79EFBC}") = "vrsample.CSharp", "vrsample.CSharp.csproj", "{DB2A7BAA-F577-B572-027C-60876C9A70DF}"
EndProject
Project("{FAE04EC0-301F-11D3-BF4B-00C04F79EFBC}") = "vrsample.CSharp.Editor", "vrsample.CSharp.Editor.csproj", "{DA3F8AB1-6B5F-9744-ADA9-2BEA4CEB6263}"
EndProject
Global
	GlobalSection(SolutionConfigurationPlatforms) = preSolution
		Debug|Any CPU = Debug|Any CPU
		Release|Any CPU = Release|Any CPU
	EndGlobalSection
	GlobalSection(ProjectConfigurationPlatforms) = postSolution
		{DB2A7BAA-F577-B572-027C-60876C9A70DF}.Debug|Any CPU.ActiveCfg = Debug|Any CPU
		{DB2A7BAA-F577-B572-027C-60876C9A70DF}.Debug|Any CPU.Build.0 = Debug|Any CPU
		{DB2A7BAA-F577-B572-027C-60876C9A70DF}.Release|Any CPU.ActiveCfg = Release|Any CPU
		{DB2A7BAA-F577-B572-027C-60876C9A70DF}.Release|Any CPU.Build.0 = Release|Any CPU
		{DA3F8AB1-6B5F-9744-ADA9-2BEA4CEB6263}.Debug|Any CPU.ActiveCfg = Debug|Any CPU
		{DA3F8AB1-6B5F-9744-ADA9-2BEA4CEB6263}.Debug|Any CPU.Build.0 = Debug|Any CPU
		{DA3F8AB1-6B5F-9744-ADA9-2BEA4CEB6263}.Release|Any CPU.ActiveCfg = Release|Any CPU
		{DA3F8AB1-6B5F-9744-ADA9-2BEA4CEB6263}.Release|Any CPU.Build.0 = Release|Any CPU
	EndGlobalSection
	GlobalSection(SolutionProperties) = preSolution
		HideSolutionNode = FALSE
	EndGlobalSection
EndGlobal
